// !$*UTF8*$!
{
	archiveVersion = 1;
	classes = {
	};
	objectVersion = 55;
	objects = {

/* Begin PBXBuildFile section */
		025237D1382315750D44EC6B /* Pods_ios_oc_routers.framework in Frameworks */ = {isa = PBXBuildFile; fileRef = 660BBF7677509541154D68F2 /* Pods_ios_oc_routers.framework */; };
		84C340D7278BE84D0049B8D3 /* AppDelegate.m in Sources */ = {isa = PBXBuildFile; fileRef = 84C340D6278BE84D0049B8D3 /* AppDelegate.m */; };
		84C340DA278BE84D0049B8D3 /* SceneDelegate.m in Sources */ = {isa = PBXBuildFile; fileRef = 84C340D9278BE84D0049B8D3 /* SceneDelegate.m */; };
		84C340DD278BE84D0049B8D3 /* ViewController.m in Sources */ = {isa = PBXBuildFile; fileRef = 84C340DC278BE84D0049B8D3 /* ViewController.m */; };
		84C340E0278BE84D0049B8D3 /* Main.storyboard in Resources */ = {isa = PBXBuildFile; fileRef = 84C340DE278BE84D0049B8D3 /* Main.storyboard */; };
		84C340E2278BE8510049B8D3 /* Assets.xcassets in Resources */ = {isa = PBXBuildFile; fileRef = 84C340E1278BE8510049B8D3 /* Assets.xcassets */; };
		84C340E5278BE8510049B8D3 /* LaunchScreen.storyboard in Resources */ = {isa = PBXBuildFile; fileRef = 84C340E3278BE8510049B8D3 /* LaunchScreen.storyboard */; };
		84C340E8278BE8510049B8D3 /* main.m in Sources */ = {isa = PBXBuildFile; fileRef = 84C340E7278BE8510049B8D3 /* main.m */; };
		84C340F2278BE8510049B8D3 /* ios_oc_routersTests.m in Sources */ = {isa = PBXBuildFile; fileRef = 84C340F1278BE8510049B8D3 /* ios_oc_routersTests.m */; };
		84C340FC278BE8510049B8D3 /* ios_oc_routersUITests.m in Sources */ = {isa = PBXBuildFile; fileRef = 84C340FB278BE8510049B8D3 /* ios_oc_routersUITests.m */; };
		84C340FE278BE8510049B8D3 /* ios_oc_routersUITestsLaunchTests.m in Sources */ = {isa = PBXBuildFile; fileRef = 84C340FD278BE8510049B8D3 /* ios_oc_routersUITestsLaunchTests.m */; };
		84F7E92E278C0FD100A65250 /* RouterItemCollectionViewCell.m in Sources */ = {isa = PBXBuildFile; fileRef = 84F7E92C278C0FD100A65250 /* RouterItemCollectionViewCell.m */; };
		84F7E92F278C0FD100A65250 /* RouterItemCollectionViewCell.xib in Resources */ = {isa = PBXBuildFile; fileRef = 84F7E92D278C0FD100A65250 /* RouterItemCollectionViewCell.xib */; };
		ACBAE1F1548DED1F987A8F9D /* Pods_ios_oc_routersTests.framework in Frameworks */ = {isa = PBXBuildFile; fileRef = 9A9215F3284C29F179561EA7 /* Pods_ios_oc_routersTests.framework */; };
		B67C7A48F5BA355CC1CB7852 /* Pods_ios_oc_routers_ios_oc_routersUITests.framework in Frameworks */ = {isa = PBXBuildFile; fileRef = 25BF95985F6A82BCC2E2D958 /* Pods_ios_oc_routers_ios_oc_routersUITests.framework */; };
/* End PBXBuildFile section */

/* Begin PBXContainerItemProxy section */
		84C340EE278BE8510049B8D3 /* PBXContainerItemProxy */ = {
			isa = PBXContainerItemProxy;
			containerPortal = 84C340CA278BE84D0049B8D3 /* Project object */;
			proxyType = 1;
			remoteGlobalIDString = 84C340D1278BE84D0049B8D3;
			remoteInfo = ios_oc_routers;
		};
		84C340F8278BE8510049B8D3 /* PBXContainerItemProxy */ = {
			isa = PBXContainerItemProxy;
			containerPortal = 84C340CA278BE84D0049B8D3 /* Project object */;
			proxyType = 1;
			remoteGlobalIDString = 84C340D1278BE84D0049B8D3;
			remoteInfo = ios_oc_routers;
		};
/* End PBXContainerItemProxy section */

/* Begin PBXFileReference section */
		04FD60F1A8D6E5F60668EEAC /* Pods-ios_oc_routers.release.xcconfig */ = {isa = PBXFileReference; includeInIndex = 1; lastKnownFileType = text.xcconfig; name = "Pods-ios_oc_routers.release.xcconfig"; path = "Target Support Files/Pods-ios_oc_routers/Pods-ios_oc_routers.release.xcconfig"; sourceTree = "<group>"; };
		0AED61B0D016BD036C834B49 /* Pods-ios_oc_routers-ios_oc_routersUITests.release.xcconfig */ = {isa = PBXFileReference; includeInIndex = 1; lastKnownFileType = text.xcconfig; name = "Pods-ios_oc_routers-ios_oc_routersUITests.release.xcconfig"; path = "Target Support Files/Pods-ios_oc_routers-ios_oc_routersUITests/Pods-ios_oc_routers-ios_oc_routersUITests.release.xcconfig"; sourceTree = "<group>"; };
		25BF95985F6A82BCC2E2D958 /* Pods_ios_oc_routers_ios_oc_routersUITests.framework */ = {isa = PBXFileReference; explicitFileType = wrapper.framework; includeInIndex = 0; path = Pods_ios_oc_routers_ios_oc_routersUITests.framework; sourceTree = BUILT_PRODUCTS_DIR; };
		31307FD6E798C1C2B7BF54FC /* Pods-ios_oc_routersTests.debug.xcconfig */ = {isa = PBXFileReference; includeInIndex = 1; lastKnownFileType = text.xcconfig; name = "Pods-ios_oc_routersTests.debug.xcconfig"; path = "Target Support Files/Pods-ios_oc_routersTests/Pods-ios_oc_routersTests.debug.xcconfig"; sourceTree = "<group>"; };
		3D6FF32A41AEB1D335B78609 /* Pods-ios_oc_routersTests.release.xcconfig */ = {isa = PBXFileReference; includeInIndex = 1; lastKnownFileType = text.xcconfig; name = "Pods-ios_oc_routersTests.release.xcconfig"; path = "Target Support Files/Pods-ios_oc_routersTests/Pods-ios_oc_routersTests.release.xcconfig"; sourceTree = "<group>"; };
		660BBF7677509541154D68F2 /* Pods_ios_oc_routers.framework */ = {isa = PBXFileReference; explicitFileType = wrapper.framework; includeInIndex = 0; path = Pods_ios_oc_routers.framework; sourceTree = BUILT_PRODUCTS_DIR; };
		68710B59D0CBFCEA24343F11 /* Pods-ios_oc_routers-ios_oc_routersUITests.debug.xcconfig */ = {isa = PBXFileReference; includeInIndex = 1; lastKnownFileType = text.xcconfig; name = "Pods-ios_oc_routers-ios_oc_routersUITests.debug.xcconfig"; path = "Target Support Files/Pods-ios_oc_routers-ios_oc_routersUITests/Pods-ios_oc_routers-ios_oc_routersUITests.debug.xcconfig"; sourceTree = "<group>"; };
		84C340D2278BE84D0049B8D3 /* ios_oc_routers.app */ = {isa = PBXFileReference; explicitFileType = wrapper.application; includeInIndex = 0; path = ios_oc_routers.app; sourceTree = BUILT_PRODUCTS_DIR; };
		84C340D5278BE84D0049B8D3 /* AppDelegate.h */ = {isa = PBXFileReference; lastKnownFileType = sourcecode.c.h; path = AppDelegate.h; sourceTree = "<group>"; };
		84C340D6278BE84D0049B8D3 /* AppDelegate.m */ = {isa = PBXFileReference; lastKnownFileType = sourcecode.c.objc; path = AppDelegate.m; sourceTree = "<group>"; };
		84C340D8278BE84D0049B8D3 /* SceneDelegate.h */ = {isa = PBXFileReference; lastKnownFileType = sourcecode.c.h; path = SceneDelegate.h; sourceTree = "<group>"; };
		84C340D9278BE84D0049B8D3 /* SceneDelegate.m */ = {isa = PBXFileReference; lastKnownFileType = sourcecode.c.objc; path = SceneDelegate.m; sourceTree = "<group>"; };
		84C340DB278BE84D0049B8D3 /* ViewController.h */ = {isa = PBXFileReference; lastKnownFileType = sourcecode.c.h; path = ViewController.h; sourceTree = "<group>"; };
		84C340DC278BE84D0049B8D3 /* ViewController.m */ = {isa = PBXFileReference; lastKnownFileType = sourcecode.c.objc; path = ViewController.m; sourceTree = "<group>"; };
		84C340DF278BE84D0049B8D3 /* Base */ = {isa = PBXFileReference; lastKnownFileType = file.storyboard; name = Base; path = Base.lproj/Main.storyboard; sourceTree = "<group>"; };
		84C340E1278BE8510049B8D3 /* Assets.xcassets */ = {isa = PBXFileReference; lastKnownFileType = folder.assetcatalog; path = Assets.xcassets; sourceTree = "<group>"; };
		84C340E4278BE8510049B8D3 /* Base */ = {isa = PBXFileReference; lastKnownFileType = file.storyboard; name = Base; path = Base.lproj/LaunchScreen.storyboard; sourceTree = "<group>"; };
		84C340E6278BE8510049B8D3 /* Info.plist */ = {isa = PBXFileReference; lastKnownFileType = text.plist.xml; path = Info.plist; sourceTree = "<group>"; };
		84C340E7278BE8510049B8D3 /* main.m */ = {isa = PBXFileReference; lastKnownFileType = sourcecode.c.objc; path = main.m; sourceTree = "<group>"; };
		84C340ED278BE8510049B8D3 /* ios_oc_routersTests.xctest */ = {isa = PBXFileReference; explicitFileType = wrapper.cfbundle; includeInIndex = 0; path = ios_oc_routersTests.xctest; sourceTree = BUILT_PRODUCTS_DIR; };
		84C340F1278BE8510049B8D3 /* ios_oc_routersTests.m */ = {isa = PBXFileReference; lastKnownFileType = sourcecode.c.objc; path = ios_oc_routersTests.m; sourceTree = "<group>"; };
		84C340F7278BE8510049B8D3 /* ios_oc_routersUITests.xctest */ = {isa = PBXFileReference; explicitFileType = wrapper.cfbundle; includeInIndex = 0; path = ios_oc_routersUITests.xctest; sourceTree = BUILT_PRODUCTS_DIR; };
		84C340FB278BE8510049B8D3 /* ios_oc_routersUITests.m */ = {isa = PBXFileReference; lastKnownFileType = sourcecode.c.objc; path = ios_oc_routersUITests.m; sourceTree = "<group>"; };
		84C340FD278BE8510049B8D3 /* ios_oc_routersUITestsLaunchTests.m */ = {isa = PBXFileReference; lastKnownFileType = sourcecode.c.objc; path = ios_oc_routersUITestsLaunchTests.m; sourceTree = "<group>"; };
		84F7E92B278C0FD100A65250 /* RouterItemCollectionViewCell.h */ = {isa = PBXFileReference; lastKnownFileType = sourcecode.c.h; path = RouterItemCollectionViewCell.h; sourceTree = "<group>"; };
		84F7E92C278C0FD100A65250 /* RouterItemCollectionViewCell.m */ = {isa = PBXFileReference; lastKnownFileType = sourcecode.c.objc; path = RouterItemCollectionViewCell.m; sourceTree = "<group>"; };
		84F7E92D278C0FD100A65250 /* RouterItemCollectionViewCell.xib */ = {isa = PBXFileReference; lastKnownFileType = file.xib; path = RouterItemCollectionViewCell.xib; sourceTree = "<group>"; };
		9A9215F3284C29F179561EA7 /* Pods_ios_oc_routersTests.framework */ = {isa = PBXFileReference; explicitFileType = wrapper.framework; includeInIndex = 0; path = Pods_ios_oc_routersTests.framework; sourceTree = BUILT_PRODUCTS_DIR; };
		BFCE9FEF9406FCA2AFD2C11C /* Pods-ios_oc_routers.debug.xcconfig */ = {isa = PBXFileReference; includeInIndex = 1; lastKnownFileType = text.xcconfig; name = "Pods-ios_oc_routers.debug.xcconfig"; path = "Target Support Files/Pods-ios_oc_routers/Pods-ios_oc_routers.debug.xcconfig"; sourceTree = "<group>"; };
/* End PBXFileReference section */

/* Begin PBXFrameworksBuildPhase section */
		84C340CF278BE84D0049B8D3 /* Frameworks */ = {
			isa = PBXFrameworksBuildPhase;
			buildActionMask = 2147483647;
			files = (
				025237D1382315750D44EC6B /* Pods_ios_oc_routers.framework in Frameworks */,
			);
			runOnlyForDeploymentPostprocessing = 0;
		};
		84C340EA278BE8510049B8D3 /* Frameworks */ = {
			isa = PBXFrameworksBuildPhase;
			buildActionMask = 2147483647;
			files = (
				ACBAE1F1548DED1F987A8F9D /* Pods_ios_oc_routersTests.framework in Frameworks */,
			);
			runOnlyForDeploymentPostprocessing = 0;
		};
		84C340F4278BE8510049B8D3 /* Frameworks */ = {
			isa = PBXFrameworksBuildPhase;
			buildActionMask = 2147483647;
			files = (
				B67C7A48F5BA355CC1CB7852 /* Pods_ios_oc_routers_ios_oc_routersUITests.framework in Frameworks */,
			);
			runOnlyForDeploymentPostprocessing = 0;
		};
/* End PBXFrameworksBuildPhase section */

/* Begin PBXGroup section */
		7921144FE0A61835261437FB /* Frameworks */ = {
			isa = PBXGroup;
			children = (
				660BBF7677509541154D68F2 /* Pods_ios_oc_routers.framework */,
				25BF95985F6A82BCC2E2D958 /* Pods_ios_oc_routers_ios_oc_routersUITests.framework */,
				9A9215F3284C29F179561EA7 /* Pods_ios_oc_routersTests.framework */,
			);
			name = Frameworks;
			sourceTree = "<group>";
		};
		84C340C9278BE84D0049B8D3 = {
			isa = PBXGroup;
			children = (
				84C340D4278BE84D0049B8D3 /* ios_oc_routers */,
				84C340F0278BE8510049B8D3 /* ios_oc_routersTests */,
				84C340FA278BE8510049B8D3 /* ios_oc_routersUITests */,
				84C340D3278BE84D0049B8D3 /* Products */,
				D993E2C2EF833B5FBC4AAC60 /* Pods */,
				7921144FE0A61835261437FB /* Frameworks */,
			);
			sourceTree = "<group>";
		};
		84C340D3278BE84D0049B8D3 /* Products */ = {
			isa = PBXGroup;
			children = (
				84C340D2278BE84D0049B8D3 /* ios_oc_routers.app */,
				84C340ED278BE8510049B8D3 /* ios_oc_routersTests.xctest */,
				84C340F7278BE8510049B8D3 /* ios_oc_routersUITests.xctest */,
			);
			name = Products;
			sourceTree = "<group>";
		};
		84C340D4278BE84D0049B8D3 /* ios_oc_routers */ = {
			isa = PBXGroup;
			children = (
				84C340D5278BE84D0049B8D3 /* AppDelegate.h */,
				84C340D6278BE84D0049B8D3 /* AppDelegate.m */,
				84C340D8278BE84D0049B8D3 /* SceneDelegate.h */,
				84C340D9278BE84D0049B8D3 /* SceneDelegate.m */,
				84C340DB278BE84D0049B8D3 /* ViewController.h */,
				84C340DC278BE84D0049B8D3 /* ViewController.m */,
				84C340DE278BE84D0049B8D3 /* Main.storyboard */,
				84C340E1278BE8510049B8D3 /* Assets.xcassets */,
				84C340E3278BE8510049B8D3 /* LaunchScreen.storyboard */,
				84C340E6278BE8510049B8D3 /* Info.plist */,
				84C340E7278BE8510049B8D3 /* main.m */,
				84F7E92B278C0FD100A65250 /* RouterItemCollectionViewCell.h */,
				84F7E92C278C0FD100A65250 /* RouterItemCollectionViewCell.m */,
				84F7E92D278C0FD100A65250 /* RouterItemCollectionViewCell.xib */,
			);
			path = ios_oc_routers;
			sourceTree = "<group>";
		};
		84C340F0278BE8510049B8D3 /* ios_oc_routersTests */ = {
			isa = PBXGroup;
			children = (
				84C340F1278BE8510049B8D3 /* ios_oc_routersTests.m */,
			);
			path = ios_oc_routersTests;
			sourceTree = "<group>";
		};
		84C340FA278BE8510049B8D3 /* ios_oc_routersUITests */ = {
			isa = PBXGroup;
			children = (
				84C340FB278BE8510049B8D3 /* ios_oc_routersUITests.m */,
				84C340FD278BE8510049B8D3 /* ios_oc_routersUITestsLaunchTests.m */,
			);
			path = ios_oc_routersUITests;
			sourceTree = "<group>";
		};
		D993E2C2EF833B5FBC4AAC60 /* Pods */ = {
			isa = PBXGroup;
			children = (
				BFCE9FEF9406FCA2AFD2C11C /* Pods-ios_oc_routers.debug.xcconfig */,
				04FD60F1A8D6E5F60668EEAC /* Pods-ios_oc_routers.release.xcconfig */,
				68710B59D0CBFCEA24343F11 /* Pods-ios_oc_routers-ios_oc_routersUITests.debug.xcconfig */,
				0AED61B0D016BD036C834B49 /* Pods-ios_oc_routers-ios_oc_routersUITests.release.xcconfig */,
				31307FD6E798C1C2B7BF54FC /* Pods-ios_oc_routersTests.debug.xcconfig */,
				3D6FF32A41AEB1D335B78609 /* Pods-ios_oc_routersTests.release.xcconfig */,
			);
			path = Pods;
			sourceTree = "<group>";
		};
/* End PBXGroup section */

/* Begin PBXNativeTarget section */
		84C340D1278BE84D0049B8D3 /* ios_oc_routers */ = {
			isa = PBXNativeTarget;
			buildConfigurationList = 84C34101278BE8510049B8D3 /* Build configuration list for PBXNativeTarget "ios_oc_routers" */;
			buildPhases = (
				85750A6C5C4D25749C22871D /* [CP] Check Pods Manifest.lock */,
				84C340CE278BE84D0049B8D3 /* Sources */,
				84C340CF278BE84D0049B8D3 /* Frameworks */,
				84C340D0278BE84D0049B8D3 /* Resources */,
			);
			buildRules = (
			);
			dependencies = (
			);
			name = ios_oc_routers;
			productName = ios_oc_routers;
			productReference = 84C340D2278BE84D0049B8D3 /* ios_oc_routers.app */;
			productType = "com.apple.product-type.application";
		};
		84C340EC278BE8510049B8D3 /* ios_oc_routersTests */ = {
			isa = PBXNativeTarget;
			buildConfigurationList = 84C34104278BE8510049B8D3 /* Build configuration list for PBXNativeTarget "ios_oc_routersTests" */;
			buildPhases = (
				66474E4472219D67872B3DF1 /* [CP] Check Pods Manifest.lock */,
				84C340E9278BE8510049B8D3 /* Sources */,
				84C340EA278BE8510049B8D3 /* Frameworks */,
				84C340EB278BE8510049B8D3 /* Resources */,
				B2A7BBD890CD4A106EC8DEE7 /* [CP] Embed Pods Frameworks */,
			);
			buildRules = (
			);
			dependencies = (
				84C340EF278BE8510049B8D3 /* PBXTargetDependency */,
			);
			name = ios_oc_routersTests;
			productName = ios_oc_routersTests;
			productReference = 84C340ED278BE8510049B8D3 /* ios_oc_routersTests.xctest */;
			productType = "com.apple.product-type.bundle.unit-test";
		};
		84C340F6278BE8510049B8D3 /* ios_oc_routersUITests */ = {
			isa = PBXNativeTarget;
			buildConfigurationList = 84C34107278BE8510049B8D3 /* Build configuration list for PBXNativeTarget "ios_oc_routersUITests" */;
			buildPhases = (
				F64854D70ADE74ECD44EFEAE /* [CP] Check Pods Manifest.lock */,
				84C340F3278BE8510049B8D3 /* Sources */,
				84C340F4278BE8510049B8D3 /* Frameworks */,
				84C340F5278BE8510049B8D3 /* Resources */,
			);
			buildRules = (
			);
			dependencies = (
				84C340F9278BE8510049B8D3 /* PBXTargetDependency */,
			);
			name = ios_oc_routersUITests;
			productName = ios_oc_routersUITests;
			productReference = 84C340F7278BE8510049B8D3 /* ios_oc_routersUITests.xctest */;
			productType = "com.apple.product-type.bundle.ui-testing";
		};
/* End PBXNativeTarget section */

/* Begin PBXProject section */
		84C340CA278BE84D0049B8D3 /* Project object */ = {
			isa = PBXProject;
			attributes = {
				BuildIndependentTargetsInParallel = 1;
				LastUpgradeCheck = 1320;
				TargetAttributes = {
					84C340D1278BE84D0049B8D3 = {
						CreatedOnToolsVersion = 13.2.1;
					};
					84C340EC278BE8510049B8D3 = {
						CreatedOnToolsVersion = 13.2.1;
						TestTargetID = 84C340D1278BE84D0049B8D3;
					};
					84C340F6278BE8510049B8D3 = {
						CreatedOnToolsVersion = 13.2.1;
						TestTargetID = 84C340D1278BE84D0049B8D3;
					};
				};
			};
			buildConfigurationList = 84C340CD278BE84D0049B8D3 /* Build configuration list for PBXProject "ios_oc_routers" */;
			compatibilityVersion = "Xcode 13.0";
			developmentRegion = en;
			hasScannedForEncodings = 0;
			knownRegions = (
				en,
				Base,
			);
			mainGroup = 84C340C9278BE84D0049B8D3;
			productRefGroup = 84C340D3278BE84D0049B8D3 /* Products */;
			projectDirPath = "";
			projectRoot = "";
			targets = (
				84C340D1278BE84D0049B8D3 /* ios_oc_routers */,
				84C340EC278BE8510049B8D3 /* ios_oc_routersTests */,
				84C340F6278BE8510049B8D3 /* ios_oc_routersUITests */,
			);
		};
/* End PBXProject section */

/* Begin PBXResourcesBuildPhase section */
		84C340D0278BE84D0049B8D3 /* Resources */ = {
			isa = PBXResourcesBuildPhase;
			buildActionMask = 2147483647;
			files = (
				84F7E92F278C0FD100A65250 /* RouterItemCollectionViewCell.xib in Resources */,
				84C340E5278BE8510049B8D3 /* LaunchScreen.storyboard in Resources */,
				84C340E2278BE8510049B8D3 /* Assets.xcassets in Resources */,
				84C340E0278BE84D0049B8D3 /* Main.storyboard in Resources */,
			);
			runOnlyForDeploymentPostprocessing = 0;
		};
		84C340EB278BE8510049B8D3 /* Resources */ = {
			isa = PBXResourcesBuildPhase;
			buildActionMask = 2147483647;
			files = (
			);
			runOnlyForDeploymentPostprocessing = 0;
		};
		84C340F5278BE8510049B8D3 /* Resources */ = {
			isa = PBXResourcesBuildPhase;
			buildActionMask = 2147483647;
			files = (
			);
			runOnlyForDeploymentPostprocessing = 0;
		};
/* End PBXResourcesBuildPhase section */

/* Begin PBXShellScriptBuildPhase section */
		66474E4472219D67872B3DF1 /* [CP] Check Pods Manifest.lock */ = {
			isa = PBXShellScriptBuildPhase;
			buildActionMask = 2147483647;
			files = (
			);
			inputFileListPaths = (
			);
			inputPaths = (
				"${PODS_PODFILE_DIR_PATH}/Podfile.lock",
				"${PODS_ROOT}/Manifest.lock",
			);
			name = "[CP] Check Pods Manifest.lock";
			outputFileListPaths = (
			);
			outputPaths = (
				"$(DERIVED_FILE_DIR)/Pods-ios_oc_routersTests-checkManifestLockResult.txt",
			);
			runOnlyForDeploymentPostprocessing = 0;
			shellPath = /bin/sh;
			shellScript = "diff \"${PODS_PODFILE_DIR_PATH}/Podfile.lock\" \"${PODS_ROOT}/Manifest.lock\" > /dev/null\nif [ $? != 0 ] ; then\n    # print error to STDERR\n    echo \"error: The sandbox is not in sync with the Podfile.lock. Run 'pod install' or update your CocoaPods installation.\" >&2\n    exit 1\nfi\n# This output is used by Xcode 'outputs' to avoid re-running this script phase.\necho \"SUCCESS\" > \"${SCRIPT_OUTPUT_FILE_0}\"\n";
			showEnvVarsInLog = 0;
		};
		85750A6C5C4D25749C22871D /* [CP] Check Pods Manifest.lock */ = {
			isa = PBXShellScriptBuildPhase;
			buildActionMask = 2147483647;
			files = (
			);
			inputFileListPaths = (
			);
			inputPaths = (
				"${PODS_PODFILE_DIR_PATH}/Podfile.lock",
				"${PODS_ROOT}/Manifest.lock",
			);
			name = "[CP] Check Pods Manifest.lock";
			outputFileListPaths = (
			);
			outputPaths = (
				"$(DERIVED_FILE_DIR)/Pods-ios_oc_routers-checkManifestLockResult.txt",
			);
			runOnlyForDeploymentPostprocessing = 0;
			shellPath = /bin/sh;
			shellScript = "diff \"${PODS_PODFILE_DIR_PATH}/Podfile.lock\" \"${PODS_ROOT}/Manifest.lock\" > /dev/null\nif [ $? != 0 ] ; then\n    # print error to STDERR\n    echo \"error: The sandbox is not in sync with the Podfile.lock. Run 'pod install' or update your CocoaPods installation.\" >&2\n    exit 1\nfi\n# This output is used by Xcode 'outputs' to avoid re-running this script phase.\necho \"SUCCESS\" > \"${SCRIPT_OUTPUT_FILE_0}\"\n";
			showEnvVarsInLog = 0;
		};
		B2A7BBD890CD4A106EC8DEE7 /* [CP] Embed Pods Frameworks */ = {
			isa = PBXShellScriptBuildPhase;
			buildActionMask = 2147483647;
			files = (
			);
			inputFileListPaths = (
				"${PODS_ROOT}/Target Support Files/Pods-ios_oc_routersTests/Pods-ios_oc_routersTests-frameworks-${CONFIGURATION}-input-files.xcfilelist",
			);
			name = "[CP] Embed Pods Frameworks";
			outputFileListPaths = (
				"${PODS_ROOT}/Target Support Files/Pods-ios_oc_routersTests/Pods-ios_oc_routersTests-frameworks-${CONFIGURATION}-output-files.xcfilelist",
			);
			runOnlyForDeploymentPostprocessing = 0;
			shellPath = /bin/sh;
			shellScript = "\"${PODS_ROOT}/Target Support Files/Pods-ios_oc_routersTests/Pods-ios_oc_routersTests-frameworks.sh\"\n";
			showEnvVarsInLog = 0;
		};
		F64854D70ADE74ECD44EFEAE /* [CP] Check Pods Manifest.lock */ = {
			isa = PBXShellScriptBuildPhase;
			buildActionMask = 2147483647;
			files = (
			);
			inputFileListPaths = (
			);
			inputPaths = (
				"${PODS_PODFILE_DIR_PATH}/Podfile.lock",
				"${PODS_ROOT}/Manifest.lock",
			);
			name = "[CP] Check Pods Manifest.lock";
			outputFileListPaths = (
			);
			outputPaths = (
				"$(DERIVED_FILE_DIR)/Pods-ios_oc_routers-ios_oc_routersUITests-checkManifestLockResult.txt",
			);
			runOnlyForDeploymentPostprocessing = 0;
			shellPath = /bin/sh;
			shellScript = "diff \"${PODS_PODFILE_DIR_PATH}/Podfile.lock\" \"${PODS_ROOT}/Manifest.lock\" > /dev/null\nif [ $? != 0 ] ; then\n    # print error to STDERR\n    echo \"error: The sandbox is not in sync with the Podfile.lock. Run 'pod install' or update your CocoaPods installation.\" >&2\n    exit 1\nfi\n# This output is used by Xcode 'outputs' to avoid re-running this script phase.\necho \"SUCCESS\" > \"${SCRIPT_OUTPUT_FILE_0}\"\n";
			showEnvVarsInLog = 0;
		};
/* End PBXShellScriptBuildPhase section */

/* Begin PBXSourcesBuildPhase section */
		84C340CE278BE84D0049B8D3 /* Sources */ = {
			isa = PBXSourcesBuildPhase;
			buildActionMask = 2147483647;
			files = (
				84C340DD278BE84D0049B8D3 /* ViewController.m in Sources */,
				84C340D7278BE84D0049B8D3 /* AppDelegate.m in Sources */,
				84C340E8278BE8510049B8D3 /* main.m in Sources */,
				84C340DA278BE84D0049B8D3 /* SceneDelegate.m in Sources */,
				84F7E92E278C0FD100A65250 /* RouterItemCollectionViewCell.m in Sources */,
			);
			runOnlyForDeploymentPostprocessing = 0;
		};
		84C340E9278BE8510049B8D3 /* Sources */ = {
			isa = PBXSourcesBuildPhase;
			buildActionMask = 2147483647;
			files = (
				84C340F2278BE8510049B8D3 /* ios_oc_routersTests.m in Sources */,
			);
			runOnlyForDeploymentPostprocessing = 0;
		};
		84C340F3278BE8510049B8D3 /* Sources */ = {
			isa = PBXSourcesBuildPhase;
			buildActionMask = 2147483647;
			files = (
				84C340FC278BE8510049B8D3 /* ios_oc_routersUITests.m in Sources */,
				84C340FE278BE8510049B8D3 /* ios_oc_routersUITestsLaunchTests.m in Sources */,
			);
			runOnlyForDeploymentPostprocessing = 0;
		};
/* End PBXSourcesBuildPhase section */

/* Begin PBXTargetDependency section */
		84C340EF278BE8510049B8D3 /* PBXTargetDependency */ = {
			isa = PBXTargetDependency;
			target = 84C340D1278BE84D0049B8D3 /* ios_oc_routers */;
			targetProxy = 84C340EE278BE8510049B8D3 /* PBXContainerItemProxy */;
		};
		84C340F9278BE8510049B8D3 /* PBXTargetDependency */ = {
			isa = PBXTargetDependency;
			target = 84C340D1278BE84D0049B8D3 /* ios_oc_routers */;
			targetProxy = 84C340F8278BE8510049B8D3 /* PBXContainerItemProxy */;
		};
/* End PBXTargetDependency section */

/* Begin PBXVariantGroup section */
		84C340DE278BE84D0049B8D3 /* Main.storyboard */ = {
			isa = PBXVariantGroup;
			children = (
				84C340DF278BE84D0049B8D3 /* Base */,
			);
			name = Main.storyboard;
			sourceTree = "<group>";
		};
		84C340E3278BE8510049B8D3 /* LaunchScreen.storyboard */ = {
			isa = PBXVariantGroup;
			children = (
				84C340E4278BE8510049B8D3 /* Base */,
			);
			name = LaunchScreen.storyboard;
			sourceTree = "<group>";
		};
/* End PBXVariantGroup section */

/* Begin XCBuildConfiguration section */
		84C340FF278BE8510049B8D3 /* Debug */ = {
			isa = XCBuildConfiguration;
			buildSettings = {
				ALWAYS_SEARCH_USER_PATHS = NO;
				CLANG_ANALYZER_NONNULL = YES;
				CLANG_ANALYZER_NUMBER_OBJECT_CONVERSION = YES_AGGRESSIVE;
				CLANG_CXX_LANGUAGE_STANDARD = "gnu++17";
				CLANG_CXX_LIBRARY = "libc++";
				CLANG_ENABLE_MODULES = YES;
				CLANG_ENABLE_OBJC_ARC = YES;
				CLANG_ENABLE_OBJC_WEAK = YES;
				CLANG_WARN_BLOCK_CAPTURE_AUTORELEASING = YES;
				CLANG_WARN_BOOL_CONVERSION = YES;
				CLANG_WARN_COMMA = YES;
				CLANG_WARN_CONSTANT_CONVERSION = YES;
				CLANG_WARN_DEPRECATED_OBJC_IMPLEMENTATIONS = YES;
				CLANG_WARN_DIRECT_OBJC_ISA_USAGE = YES_ERROR;
				CLANG_WARN_DOCUMENTATION_COMMENTS = YES;
				CLANG_WARN_EMPTY_BODY = YES;
				CLANG_WARN_ENUM_CONVERSION = YES;
				CLANG_WARN_INFINITE_RECURSION = YES;
				CLANG_WARN_INT_CONVERSION = YES;
				CLANG_WARN_NON_LITERAL_NULL_CONVERSION = YES;
				CLANG_WARN_OBJC_IMPLICIT_RETAIN_SELF = YES;
				CLANG_WARN_OBJC_LITERAL_CONVERSION = YES;
				CLANG_WARN_OBJC_ROOT_CLASS = YES_ERROR;
				CLANG_WARN_QUOTED_INCLUDE_IN_FRAMEWORK_HEADER = YES;
				CLANG_WARN_RANGE_LOOP_ANALYSIS = YES;
				CLANG_WARN_STRICT_PROTOTYPES = YES;
				CLANG_WARN_SUSPICIOUS_MOVE = YES;
				CLANG_WARN_UNGUARDED_AVAILABILITY = YES_AGGRESSIVE;
				CLANG_WARN_UNREACHABLE_CODE = YES;
				CLANG_WARN__DUPLICATE_METHOD_MATCH = YES;
				COPY_PHASE_STRIP = NO;
				DEBUG_INFORMATION_FORMAT = dwarf;
				ENABLE_STRICT_OBJC_MSGSEND = YES;
				ENABLE_TESTABILITY = YES;
				GCC_C_LANGUAGE_STANDARD = gnu11;
				GCC_DYNAMIC_NO_PIC = NO;
				GCC_NO_COMMON_BLOCKS = YES;
				GCC_OPTIMIZATION_LEVEL = 0;
				GCC_PREPROCESSOR_DEFINITIONS = (
					"DEBUG=1",
					"$(inherited)",
				);
				GCC_WARN_64_TO_32_BIT_CONVERSION = YES;
				GCC_WARN_ABOUT_RETURN_TYPE = YES_ERROR;
				GCC_WARN_UNDECLARED_SELECTOR = YES;
				GCC_WARN_UNINITIALIZED_AUTOS = YES_AGGRESSIVE;
				GCC_WARN_UNUSED_FUNCTION = YES;
				GCC_WARN_UNUSED_VARIABLE = YES;
				IPHONEOS_DEPLOYMENT_TARGET = 15.2;
				MTL_ENABLE_DEBUG_INFO = INCLUDE_SOURCE;
				MTL_FAST_MATH = YES;
				ONLY_ACTIVE_ARCH = YES;
				SDKROOT = iphoneos;
			};
			name = Debug;
		};
		84C34100278BE8510049B8D3 /* Release */ = {
			isa = XCBuildConfiguration;
			buildSettings = {
				ALWAYS_SEARCH_USER_PATHS = NO;
				CLANG_ANALYZER_NONNULL = YES;
				CLANG_ANALYZER_NUMBER_OBJECT_CONVERSION = YES_AGGRESSIVE;
				CLANG_CXX_LANGUAGE_STANDARD = "gnu++17";
				CLANG_CXX_LIBRARY = "libc++";
				CLANG_ENABLE_MODULES = YES;
				CLANG_ENABLE_OBJC_ARC = YES;
				CLANG_ENABLE_OBJC_WEAK = YES;
				CLANG_WARN_BLOCK_CAPTURE_AUTORELEASING = YES;
				CLANG_WARN_BOOL_CONVERSION = YES;
				CLANG_WARN_COMMA = YES;
				CLANG_WARN_CONSTANT_CONVERSION = YES;
				CLANG_WARN_DEPRECATED_OBJC_IMPLEMENTATIONS = YES;
				CLANG_WARN_DIRECT_OBJC_ISA_USAGE = YES_ERROR;
				CLANG_WARN_DOCUMENTATION_COMMENTS = YES;
				CLANG_WARN_EMPTY_BODY = YES;
				CLANG_WARN_ENUM_CONVERSION = YES;
				CLANG_WARN_INFINITE_RECURSION = YES;
				CLANG_WARN_INT_CONVERSION = YES;
				CLANG_WARN_NON_LITERAL_NULL_CONVERSION = YES;
				CLANG_WARN_OBJC_IMPLICIT_RETAIN_SELF = YES;
				CLANG_WARN_OBJC_LITERAL_CONVERSION = YES;
				CLANG_WARN_OBJC_ROOT_CLASS = YES_ERROR;
				CLANG_WARN_QUOTED_INCLUDE_IN_FRAMEWORK_HEADER = YES;
				CLANG_WARN_RANGE_LOOP_ANALYSIS = YES;
				CLANG_WARN_STRICT_PROTOTYPES = YES;
				CLANG_WARN_SUSPICIOUS_MOVE = YES;
				CLANG_WARN_UNGUARDED_AVAILABILITY = YES_AGGRESSIVE;
				CLANG_WARN_UNREACHABLE_CODE = YES;
				CLANG_WARN__DUPLICATE_METHOD_MATCH = YES;
				COPY_PHASE_STRIP = NO;
				DEBUG_INFORMATION_FORMAT = "dwarf-with-dsym";
				ENABLE_NS_ASSERTIONS = NO;
				ENABLE_STRICT_OBJC_MSGSEND = YES;
				GCC_C_LANGUAGE_STANDARD = gnu11;
				GCC_NO_COMMON_BLOCKS = YES;
				GCC_WARN_64_TO_32_BIT_CONVERSION = YES;
				GCC_WARN_ABOUT_RETURN_TYPE = YES_ERROR;
				GCC_WARN_UNDECLARED_SELECTOR = YES;
				GCC_WARN_UNINITIALIZED_AUTOS = YES_AGGRESSIVE;
				GCC_WARN_UNUSED_FUNCTION = YES;
				GCC_WARN_UNUSED_VARIABLE = YES;
				IPHONEOS_DEPLOYMENT_TARGET = 15.2;
				MTL_ENABLE_DEBUG_INFO = NO;
				MTL_FAST_MATH = YES;
				SDKROOT = iphoneos;
				VALIDATE_PRODUCT = YES;
			};
			name = Release;
		};
		84C34102278BE8510049B8D3 /* Debug */ = {
			isa = XCBuildConfiguration;
			baseConfigurationReference = BFCE9FEF9406FCA2AFD2C11C /* Pods-ios_oc_routers.debug.xcconfig */;
			buildSettings = {
				ASSETCATALOG_COMPILER_APPICON_NAME = AppIcon;
				ASSETCATALOG_COMPILER_GLOBAL_ACCENT_COLOR_NAME = AccentColor;
				CODE_SIGN_STYLE = Automatic;
				CURRENT_PROJECT_VERSION = 1;
				DEVELOPMENT_TEAM = 54V28J5ANM;
				GENERATE_INFOPLIST_FILE = YES;
				INFOPLIST_FILE = ios_oc_routers/Info.plist;
				INFOPLIST_KEY_UIApplicationSupportsIndirectInputEvents = YES;
				INFOPLIST_KEY_UILaunchStoryboardName = LaunchScreen;
				INFOPLIST_KEY_UISupportedInterfaceOrientations_iPad = "UIInterfaceOrientationPortrait UIInterfaceOrientationPortraitUpsideDown UIInterfaceOrientationLandscapeLeft UIInterfaceOrientationLandscapeRight";
				INFOPLIST_KEY_UISupportedInterfaceOrientations_iPhone = "UIInterfaceOrientationPortrait UIInterfaceOrientationLandscapeLeft UIInterfaceOrientationLandscapeRight";
				LD_RUNPATH_SEARCH_PATHS = (
					"$(inherited)",
					"@executable_path/Frameworks",
				);
				MARKETING_VERSION = 1.0;
				PRODUCT_BUNDLE_IDENTIFIER = "xiaowu.ios-oc-routers";
				PRODUCT_NAME = "$(TARGET_NAME)";
				SWIFT_EMIT_LOC_STRINGS = YES;
				TARGETED_DEVICE_FAMILY = "1,2";
			};
			name = Debug;
		};
		84C34103278BE8510049B8D3 /* Release */ = {
			isa = XCBuildConfiguration;
			baseConfigurationReference = 04FD60F1A8D6E5F60668EEAC /* Pods-ios_oc_routers.release.xcconfig */;
			buildSettings = {
				ASSETCATALOG_COMPILER_APPICON_NAME = AppIcon;
				ASSETCATALOG_COMPILER_GLOBAL_ACCENT_COLOR_NAME = AccentColor;
				CODE_SIGN_STYLE = Automatic;
				CURRENT_PROJECT_VERSION = 1;
				DEVELOPMENT_TEAM = 54V28J5ANM;
				GENERATE_INFOPLIST_FILE = YES;
				INFOPLIST_FILE = ios_oc_routers/Info.plist;
				INFOPLIST_KEY_UIApplicationSupportsIndirectInputEvents = YES;
				INFOPLIST_KEY_UILaunchStoryboardName = LaunchScreen;
				INFOPLIST_KEY_UISupportedInterfaceOrientations_iPad = "UIInterfaceOrientationPortrait UIInterfaceOrientationPortraitUpsideDown UIInterfaceOrientationLandscapeLeft UIInterfaceOrientationLandscapeRight";
				INFOPLIST_KEY_UISupportedInterfaceOrientations_iPhone = "UIInterfaceOrientationPortrait UIInterfaceOrientationLandscapeLeft UIInterfaceOrientationLandscapeRight";
				LD_RUNPATH_SEARCH_PATHS = (
					"$(inherited)",
					"@executable_path/Frameworks",
				);
				MARKETING_VERSION = 1.0;
				PRODUCT_BUNDLE_IDENTIFIER = "xiaowu.ios-oc-routers";
				PRODUCT_NAME = "$(TARGET_NAME)";
				SWIFT_EMIT_LOC_STRINGS = YES;
				TARGETED_DEVICE_FAMILY = "1,2";
			};
			name = Release;
		};
		84C34105278BE8510049B8D3 /* Debug */ = {
			isa = XCBuildConfiguration;
			baseConfigurationReference = 31307FD6E798C1C2B7BF54FC /* Pods-ios_oc_routersTests.debug.xcconfig */;
			buildSettings = {
				BUNDLE_LOADER = "$(TEST_HOST)";
				CODE_SIGN_STYLE = Automatic;
				CURRENT_PROJECT_VERSION = 1;
				DEVELOPMENT_TEAM = 54V28J5ANM;
				GENERATE_INFOPLIST_FILE = YES;
				IPHONEOS_DEPLOYMENT_TARGET = 15.2;
				MARKETING_VERSION = 1.0;
				PRODUCT_BUNDLE_IDENTIFIER = "xiaowu.ios-oc-routersTests";
				PRODUCT_NAME = "$(TARGET_NAME)";
				SWIFT_EMIT_LOC_STRINGS = NO;
				TARGETED_DEVICE_FAMILY = "1,2";
				TEST_HOST = "$(BUILT_PRODUCTS_DIR)/ios_oc_routers.app/ios_oc_routers";
			};
			name = Debug;
		};
		84C34106278BE8510049B8D3 /* Release */ = {
			isa = XCBuildConfiguration;
			baseConfigurationReference = 3D6FF32A41AEB1D335B78609 /* Pods-ios_oc_routersTests.release.xcconfig */;
			buildSettings = {
				BUNDLE_LOADER = "$(TEST_HOST)";
				CODE_SIGN_STYLE = Automatic;
				CURRENT_PROJECT_VERSION = 1;
				DEVELOPMENT_TEAM = 54V28J5ANM;
				GENERATE_INFOPLIST_FILE = YES;
				IPHONEOS_DEPLOYMENT_TARGET = 15.2;
				MARKETING_VERSION = 1.0;
				PRODUCT_BUNDLE_IDENTIFIER = "xiaowu.ios-oc-routersTests";
				PRODUCT_NAME = "$(TARGET_NAME)";
				SWIFT_EMIT_LOC_STRINGS = NO;
				TARGETED_DEVICE_FAMILY = "1,2";
				TEST_HOST = "$(BUILT_PRODUCTS_DIR)/ios_oc_routers.app/ios_oc_routers";
			};
			name = Release;
		};
		84C34108278BE8510049B8D3 /* Debug */ = {
			isa = XCBuildConfiguration;
			baseConfigurationReference = 68710B59D0CBFCEA24343F11 /* Pods-ios_oc_routers-ios_oc_routersUITests.debug.xcconfig */;
			buildSettings = {
				CODE_SIGN_STYLE = Automatic;
				CURRENT_PROJECT_VERSION = 1;
				DEVELOPMENT_TEAM = 54V28J5ANM;
				GENERATE_INFOPLIST_FILE = YES;
				MARKETING_VERSION = 1.0;
				PRODUCT_BUNDLE_IDENTIFIER = "xiaowu.ios-oc-routersUITests";
				PRODUCT_NAME = "$(TARGET_NAME)";
				SWIFT_EMIT_LOC_STRINGS = NO;
				TARGETED_DEVICE_FAMILY = "1,2";
				TEST_TARGET_NAME = ios_oc_routers;
			};
			name = Debug;
		};
		84C34109278BE8510049B8D3 /* Release */ = {
			isa = XCBuildConfiguration;
			baseConfigurationReference = 0AED61B0D016BD036C834B49 /* Pods-ios_oc_routers-ios_oc_routersUITests.release.xcconfig */;
			buildSettings = {
				CODE_SIGN_STYLE = Automatic;
				CURRENT_PROJECT_VERSION = 1;
				DEVELOPMENT_TEAM = 54V28J5ANM;
				GENERATE_INFOPLIST_FILE = YES;
				MARKETING_VERSION = 1.0;
				PRODUCT_BUNDLE_IDENTIFIER = "xiaowu.ios-oc-routersUITests";
				PRODUCT_NAME = "$(TARGET_NAME)";
				SWIFT_EMIT_LOC_STRINGS = NO;
				TARGETED_DEVICE_FAMILY = "1,2";
				TEST_TARGET_NAME = ios_oc_routers;
			};
			name = Release;
		};
/* End XCBuildConfiguration section */

/* Begin XCConfigurationList section */
		84C340CD278BE84D0049B8D3 /* Build configuration list for PBXProject "ios_oc_routers" */ = {
			isa = XCConfigurationList;
			buildConfigurations = (
				84C340FF278BE8510049B8D3 /* Debug */,
				84C34100278BE8510049B8D3 /* Release */,
			);
			defaultConfigurationIsVisible = 0;
			defaultConfigurationName = Release;
		};
		84C34101278BE8510049B8D3 /* Build configuration list for PBXNativeTarget "ios_oc_routers" */ = {
			isa = XCConfigurationList;
			buildConfigurations = (
				84C34102278BE8510049B8D3 /* Debug */,
				84C34103278BE8510049B8D3 /* Release */,
			);
			defaultConfigurationIsVisible = 0;
			defaultConfigurationName = Release;
		};
		84C34104278BE8510049B8D3 /* Build configuration list for PBXNativeTarget "ios_oc_routersTests" */ = {
			isa = XCConfigurationList;
			buildConfigurations = (
				84C34105278BE8510049B8D3 /* Debug */,
				84C34106278BE8510049B8D3 /* Release */,
			);
			defaultConfigurationIsVisible = 0;
			defaultConfigurationName = Release;
		};
		84C34107278BE8510049B8D3 /* Build configuration list for PBXNativeTarget "ios_oc_routersUITests" */ = {
			isa = XCConfigurationList;
			buildConfigurations = (
				84C34108278BE8510049B8D3 /* Debug */,
				84C34109278BE8510049B8D3 /* Release */,
			);
			defaultConfigurationIsVisible = 0;
			defaultConfigurationName = Release;
		};
/* End XCConfigurationList section */
	};
	rootObject = 84C340CA278BE84D0049B8D3 /* Project object */;
}
